version = 1
revision = 3
requires-python = "==3.11.*"

[[package]]
name = "annotated-types"
version = "0.8.0"
source = { registry = "https://pypi.org/simple" }
sdist = { url = "https://files.pythonhosted.org/packages/5f/56/a8120250d128bed162cd73c76d45f6ef9991f3e068f62a8ee060afa3104a/annotated_types-0.8.0.tar.gz", hash = "sha256:13b2beaad985e05e2d6407ee4c4f35590b11f8d693a258a561055cac8f64cab7", size = 15893, upload-time = "2026-07-23T20:16:13.995Z" }
wheels = [
    { url = "https://files.pythonhosted.org/packages/99/91/8acff4f5e50511b911bbccb72b8628a49c68ce14148cd9f6431094859a90/annotated_types-0.8.0-py3-none-any.whl", hash = "sha256:f072f4d804ea359e4eaf198b1af7a8b0943881a87f31bb764f8bf219bb9419e0", size = 13427, upload-time = "2026-07-23T20:16:12.938Z" },
]

[[package]]
name = "colorama"
version = "0.4.6"
source = { registry = "https://pypi.org/simple" }
sdist = { url = "https://files.pythonhosted.org/packages/d8/53/6f443c9a4a8358a93a6792e2acffb9d9d5cb0a5cfd8802644b7b1c9a02e4/colorama-0.4.6.tar.gz", hash = "sha256:08695f5cb7ed6e0531a20572697297273c47b8cae5a63ffc6d6ed5c201be6e44", size = 27697, upload-time = "2022-10-25T02:36:22.414Z" }
wheels = [
    { url = "https://files.pythonhosted.org/packages/d1/d6/3965ed04c63042e047cb6a3e6ed1a63a35087b6a609aa3a15ed8ac56c221/colorama-0.4.6-py2.py3-none-any.whl", hash = "sha256:4f1d9991f5acc0ca119f9d443620b77f9d6b33703e51011c16baf57afb285fc6", size = 25335, upload-time = "2022-10-25T02:36:20.889Z" },
]

[[package]]
name = "comp-verification"
version = "0.1.0"
source = { editable = "." }
dependencies = [
    { name = "eth-abi" },
    { name = "numpy" },
    { name = "pandas" },
    { name = "pycryptodome" },
]

[package.dev-dependencies]
dev = [
    { name = "pytest" },
]

[package.metadata]
requires-dist = [
    { name = "eth-abi", specifier = ">=5.2.0" },
    { name = "numpy", specifier = "==1.24.4" },
    { name = "pandas", specifier = "==1.5.3" },
    { name = "pycryptodome", specifier = ">=3.23.0" },
]

[package.metadata.requires-dev]
dev = [{ name = "pytest", specifier = ">=9.1.1" }]

[[package]]
name = "cytoolz"
version = "1.1.0"
source = { registry = "https://pypi.org/simple" }
dependencies = [
    { name = "toolz" },
]
sdist = { url = "https://files.pythonhosted.org/packages/bd/d4/16916f3dc20a3f5455b63c35dcb260b3716f59ce27a93586804e70e431d5/cytoolz-1.1.0.tar.gz", hash = "sha256:13a7bf254c3c0d28b12e2290b82aed0f0977a4c2a2bf84854fcdc7796a29f3b0", size = 642510, upload-time = "2025-10-19T00:44:56.174Z" }
wheels = [
    { url = "https://files.pythonhosted.org/packages/69/82/edf1d0c32b6222f2c22e5618d6db855d44eb59f9b6f22436ff963c5d0a5c/cytoolz-1.1.0-cp311-cp311-macosx_10_9_universal2.whl", hash = "sha256:dba8e5a8c6e3c789d27b0eb5e7ce5ed7d032a7a9aae17ca4ba5147b871f6e327", size = 1314345, upload-time = "2025-10-19T00:40:13.273Z" },
    { url = "https://files.pythonhosted.org/packages/2d/b5/0e3c1edaa26c2bd9db90cba0ac62c85bbca84224c7ae1c2e0072c4ea64c5/cytoolz-1.1.0-cp311-cp311-macosx_10_9_x86_64.whl", hash = "sha256:44b31c05addb0889167a720123b3b497b28dd86f8a0aeaf3ae4ffa11e2c85d55", size = 989259, upload-time = "2025-10-19T00:40:15.196Z" },
    { url = "https://files.pythonhosted.org/packages/09/aa/e2b2ee9fc684867e817640764ea5807f9d25aa1e7bdba02dd4b249aab0f7/cytoolz-1.1.0-cp311-cp311-macosx_11_0_arm64.whl", hash = "sha256:653cb18c4fc5d8a8cfce2bce650aabcbe82957cd0536827367d10810566d5294", size = 986551, upload-time = "2025-10-19T00:40:16.831Z" },
    { url = "https://files.pythonhosted.org/packages/39/9f/4e8ee41acf6674f10a9c2c9117b2f219429a5a0f09bba6135f34ca4f08a6/cytoolz-1.1.0-cp311-cp311-manylinux1_i686.manylinux_2_28_i686.manylinux_2_5_i686.whl", hash = "sha256:853a5b4806915020c890e1ce70cc056bbc1dd8bc44f2d74d555cccfd7aefba7d", size = 2688378, upload-time = "2025-10-19T00:40:18.552Z" },
    { url = "https://files.pythonhosted.org/packages/78/94/ef006f3412bc22444d855a0fc9ecb81424237fb4e5c1a1f8f5fb79ac978f/cytoolz-1.1.0-cp311-cp311-manylinux2014_aarch64.manylinux_2_17_aarch64.manylinux_2_28_aarch64.whl", hash = "sha256:c7b44e9de86bea013fe84fd8c399d6016bbb96c37c5290769e5c99460b9c53e5", size = 2798299, upload-time = "2025-10-19T00:40:20.191Z" },
    { url = "https://files.pythonhosted.org/packages/df/aa/365953926ee8b4f2e07df7200c0d73632155908c8867af14b2d19cc9f1f7/cytoolz-1.1.0-cp311-cp311-manylinux2014_armv7l.manylinux_2_17_armv7l.manylinux_2_31_armv7l.whl", hash = "sha256:098d628a801dc142e9740126be5624eb7aef1d732bc7a5719f60a2095547b485", size = 2639311, upload-time = "2025-10-19T00:40:22.289Z" },
    { url = "https://files.pythonhosted.org/packages/7c/ee/62beaaee7df208f22590ad07ef8875519af49c52ca39d99460b14a00f15a/cytoolz-1.1.0-cp311-cp311-manylinux2014_ppc64le.manylinux_2_17_ppc64le.manylinux_2_28_ppc64le.whl", hash = "sha256:779ee4096ed7a82cffab89372ffc339631c285079dbf33dbe7aff1f6174985df", size = 2979532, upload-time = "2025-10-19T00:40:24.006Z" },
    { url = "https://files.pythonhosted.org/packages/c5/04/2211251e450bed111ada1194dc42c461da9aea441de62a01e4085ea6de9f/cytoolz-1.1.0-cp311-cp311-manylinux2014_s390x.manylinux_2_17_s390x.manylinux_2_28_s390x.whl", hash = "sha256:f2ce18dd99533d077e9712f9faa852f389f560351b1efd2f2bdb193a95eddde2", size = 3018632, upload-time = "2025-10-19T00:40:26.175Z" },
    { url = "https://files.pythonhosted.org/packages/ed/a2/4a3400e4d07d3916172bf74fede08020d7b4df01595d8a97f1e9507af5ae/cytoolz-1.1.0-cp311-cp311-manylinux2014_x86_64.manylinux_2_17_x86_64.manylinux_2_28_x86_64.whl", hash = "sha256:ac266a34437812cf841cecbfe19f355ab9c3dd1ef231afc60415d40ff12a76e4", size = 2788579, upload-time = "2025-10-19T00:40:27.878Z" },
    { url = "https://files.pythonhosted.org/packages/fe/82/bb88caa53a41f600e7763c517d50e2efbbe6427ea395716a92b83f44882a/cytoolz-1.1.0-cp311-cp311-manylinux_2_31_riscv64.manylinux_2_39_riscv64.whl", hash = "sha256:1920b9b9c13d60d0bb6cd14594b3bce0870022eccb430618c37156da5f2b7a55", size = 2593024, upload-time = "2025-10-19T00:40:29.601Z" },
    { url = "https://files.pythonhosted.org/packages/09/a8/8b25e59570da16c7a0f173b8c6ec0aa6f3abd47fd385c007485acb459896/cytoolz-1.1.0-cp311-cp311-musllinux_1_2_aarch64.whl", hash = "sha256:47caa376dafd2bdc29f8a250acf59c810ec9105cd6f7680b9a9d070aae8490ec", size = 2715304, upload-time = "2025-10-19T00:40:31.151Z" },
    { url = "https://files.pythonhosted.org/packages/d4/56/faec7696f235521b926ffdf92c102f5b029f072d28e1020364e55b084820/cytoolz-1.1.0-cp311-cp311-musllinux_1_2_armv7l.whl", hash = "sha256:5ab2c97d8aaa522b038cca9187b1153347af22309e7c998b14750c6fdec7b1cb", size = 2654461, upload-time = "2025-10-19T00:40:32.884Z" },
    { url = "https://files.pythonhosted.org/packages/aa/82/f790ed167c04b8d2a33bed30770a9b7066fc4f573321d797190e5f05685f/cytoolz-1.1.0-cp311-cp311-musllinux_1_2_i686.whl", hash = "sha256:4bce006121b120e8b359244ee140bb0b1093908efc8b739db8dbaa3f8fb42139", size = 2672077, upload-time = "2025-10-19T00:40:34.543Z" },
    { url = "https://files.pythonhosted.org/packages/d9/b3/80b8183e7eee44f45bfa3cdd3ebdadf3dd43ffc686f96d442a6c4dded45d/cytoolz-1.1.0-cp311-cp311-musllinux_1_2_ppc64le.whl", hash = "sha256:7fc0f1e4e9bb384d26e73c6657bbc26abdae4ff66a95933c00f3d578be89181b", size = 2881589, upload-time = "2025-10-19T00:40:36.315Z" },
    { url = "https://files.pythonhosted.org/packages/8f/05/ac5ba5ddb88a3ba7ecea4bf192194a838af564d22ea7a4812cbb6bd106ce/cytoolz-1.1.0-cp311-cp311-musllinux_1_2_riscv64.whl", hash = "sha256:dd3f894ff972da1994d06ac6157d74e40dda19eb31fe5e9b7863ca4278c3a167", size = 2589924, upload-time = "2025-10-19T00:40:38.317Z" },
    { url = "https://files.pythonhosted.org/packages/8e/cd/100483cae3849d24351c8333a815dc6adaf3f04912486e59386d86d9db9a/cytoolz-1.1.0-cp311-cp311-musllinux_1_2_s390x.whl", hash = "sha256:0846f49cf8a4496bd42659040e68bd0484ce6af819709cae234938e039203ba0", size = 2868059, upload-time = "2025-10-19T00:40:40.025Z" },
    { url = "https://files.pythonhosted.org/packages/34/6e/3a7c56b325772d39397fc3aafb4dc054273982097178b6c3917c6dad48de/cytoolz-1.1.0-cp311-cp311-musllinux_1_2_x86_64.whl", hash = "sha256:16a3af394ade1973226d64bb2f9eb3336adbdea03ed5b134c1bbec5a3b20028e", size = 2721692, upload-time = "2025-10-19T00:40:41.621Z" },
    { url = "https://files.pythonhosted.org/packages/fa/ca/9fdaee32c3bc769dfb7e7991d9499136afccea67e423d097b8fb3c5acbc1/cytoolz-1.1.0-cp311-cp311-win32.whl", hash = "sha256:b786c9c8aeab76cc2f76011e986f7321a23a56d985b77d14f155d5e5514ea781", size = 899349, upload-time = "2025-10-19T00:40:43.183Z" },
    { url = "https://files.pythonhosted.org/packages/fd/04/2ab98edeea90311e4029e1643e43d2027b54da61453292d9ea51a103ee87/cytoolz-1.1.0-cp311-cp311-win_amd64.whl", hash = "sha256:ebf06d1c5344fb22fee71bf664234733e55db72d74988f2ecb7294b05e4db30c", size = 945831, upload-time = "2025-10-19T00:40:44.693Z" },
    { url = "https://files.pythonhosted.org/packages/b4/8d/777d86ea6bcc68b0fc926b0ef8ab51819e2176b37aadea072aac949d5231/cytoolz-1.1.0-cp311-cp311-win_arm64.whl", hash = "sha256:b63f5f025fac893393b186e132e3e242de8ee7265d0cd3f5bdd4dda93f6616c9", size = 904076, upload-time = "2025-10-19T00:40:46.678Z" },
    { url = "https://files.pythonhosted.org/packages/84/32/0522207170294cf691112a93c70a8ef942f60fa9ff8e793b63b1f09cedc0/cytoolz-1.1.0-pp311-pypy311_pp73-macosx_10_15_x86_64.whl", hash = "sha256:f32e93a55681d782fc6af939f6df36509d65122423cbc930be39b141064adff8", size = 922014, upload-time = "2025-10-19T00:44:44.911Z" },
    { url = "https://files.pythonhosted.org/packages/4c/49/9be2d24adaa18fa307ff14e3e43f02b2ae4b69c4ce51cee6889eb2114990/cytoolz-1.1.0-pp311-pypy311_pp73-macosx_11_0_arm64.whl", hash = "sha256:5d9bc596751cbda8073e65be02ca11706f00029768fbbbc81e11a8c290bb41aa", size = 918134, upload-time = "2025-10-19T00:44:47.122Z" },
    { url = "https://files.pythonhosted.org/packages/5c/b3/6a76c3b94c6c87c72ea822e7e67405be6b649c2e37778eeac7c0c0c69de8/cytoolz-1.1.0-pp311-pypy311_pp73-manylinux1_i686.manylinux_2_28_i686.manylinux_2_5_i686.whl", hash = "sha256:9b16660d01c3931951fab49db422c627897c38c1a1f0393a97582004019a4887", size = 981970, upload-time = "2025-10-19T00:44:48.906Z" },
    { url = "https://files.pythonhosted.org/packages/f6/8a/606e4c7ed14aa6a86aee6ca84a2cb804754dc6c4905b8f94e09e49f1ce60/cytoolz-1.1.0-pp311-pypy311_pp73-manylinux1_x86_64.manylinux_2_28_x86_64.manylinux_2_5_x86_64.whl", hash = "sha256:b7de5718e2113d4efccea3f06055758cdbc17388ecc3341ba4d1d812837d7c1a", size = 978877, upload-time = "2025-10-19T00:44:50.819Z" },
    { url = "https://files.pythonhosted.org/packages/97/ec/ad474dcb1f6c1ebfdda3c2ad2edbb1af122a0e79c9ff2cb901ffb5f59662/cytoolz-1.1.0-pp311-pypy311_pp73-manylinux2014_aarch64.manylinux_2_17_aarch64.manylinux_2_28_aarch64.whl", hash = "sha256:a12a2a1a6bc44099491c05a12039efa08cc33a3d0f8c7b0566185e085e139283", size = 964279, upload-time = "2025-10-19T00:44:52.476Z" },
    { url = "https://files.pythonhosted.org/packages/68/8c/d245fd416c69d27d51f14d5ad62acc4ee5971088ee31c40ffe1cc109af68/cytoolz-1.1.0-pp311-pypy311_pp73-win_amd64.whl", hash = "sha256:047defa7f5f9a32f82373dbc3957289562e8a3fa58ae02ec8e4dca4f43a33a21", size = 916630, upload-time = "2025-10-19T00:44:54.059Z" },
]

[[package]]
name = "eth-abi"
version = "5.2.0"
source = { registry = "https://pypi.org/simple" }
dependencies = [
    { name = "eth-typing" },
    { name = "eth-utils" },
    { name = "parsimonious" },
]
sdist = { url = "https://files.pythonhosted.org/packages/00/71/d9e1380bd77fd22f98b534699af564f189b56d539cc2b9dab908d4e4c242/eth_abi-5.2.0.tar.gz", hash = "sha256:178703fa98c07d8eecd5ae569e7e8d159e493ebb6eeb534a8fe973fbc4e40ef0", size = 49797, upload-time = "2025-01-14T16:29:34.629Z" }
wheels = [
    { url = "https://files.pythonhosted.org/packages/7a/b4/2f3982c4cbcbf5eeb6aec62df1533c0e63c653b3021ff338d44944405676/eth_abi-5.2.0-py3-none-any.whl", hash = "sha256:17abe47560ad753f18054f5b3089fcb588f3e3a092136a416b6c1502cb7e8877", size = 28511, upload-time = "2025-01-14T16:29:31.862Z" },
]

[[package]]
name = "eth-hash"
version = "0.8.0"
source = { registry = "https://pypi.org/simple" }
sdist = { url = "https://files.pythonhosted.org/packages/3c/f5/c67fc24f2f676aa9b7ab29679d44f113f314c817207cd4319353356f62da/eth_hash-0.8.0.tar.gz", hash = "sha256:b009752b620da2e9c7668014849d1f5fadbe4f138603f1871cc5d4ca706896b1", size = 12225, upload-time = "2026-03-25T16:36:55.099Z" }
wheels = [
    { url = "https://files.pythonhosted.org/packages/87/87/b36792150ca0b28e4df683a34be15a61461ca0e349e5b5cf3ec8f694edb9/eth_hash-0.8.0-py3-none-any.whl", hash = "sha256:523718a51b369ab89866b929a5c93c52978cd866ea309192ad980dd8271f9fac", size = 7965, upload-time = "2026-03-25T16:36:54.205Z" },
]

[[package]]
name = "eth-typing"
version = "6.0.0"
source = { registry = "https://pypi.org/simple" }
dependencies = [
    { name = "typing-extensions" },
]
sdist = { url = "https://files.pythonhosted.org/packages/37/e7/06c5af99ad40494f6d10126a9030ff4eb14c5b773f2a4076017efb0a163a/eth_typing-6.0.0.tar.gz", hash = "sha256:315dd460dc0b71c15a6cd51e3c0b70d237eec8771beb844144f3a1fb4adb2392", size = 21852, upload-time = "2026-03-25T16:41:57.444Z" }
wheels = [
    { url = "https://files.pythonhosted.org/packages/aa/0d/e756622fab29f404d846d7464f929d642a7ee6eff5b38bcc79e7c64ac630/eth_typing-6.0.0-py3-none-any.whl", hash = "sha256:ee74fb641eb36dd885e1c42c2a3055314efa532b3e71480816df70a94d35cfb9", size = 19191, upload-time = "2026-03-25T16:41:55.544Z" },
]

[[package]]
name = "eth-utils"
version = "6.0.0"
source = { registry = "https://pypi.org/simple" }
dependencies = [
    { name = "cytoolz", marker = "implementation_name == 'cpython'" },
    { name = "eth-hash" },
    { name = "eth-typing" },
    { name = "pydantic" },
    { name = "toolz", marker = "implementation_name == 'pypy'" },
]
sdist = { url = "https://files.pythonhosted.org/packages/e9/1b/0b8548da7b31eba87ed58bca1d0de5dcb13a6c113e02c09019ec5a6716ed/eth_utils-6.0.0.tar.gz", hash = "sha256:eb54b2f82dd300d3142c49a89da195e823f5e5284d43203593f87c67bad92a96", size = 123457, upload-time = "2026-03-25T17:11:51.433Z" }
wheels = [
    { url = "https://files.pythonhosted.org/packages/53/45/a20b907227b9d1aea2e36f7b12818d055629ca9bc65fc282b45738f28ca3/eth_utils-6.0.0-py3-none-any.whl", hash = "sha256:63cf48ee32c45541cb5748751909a8345c470432fb6f0fed4bd7c53fd6400469", size = 102473, upload-time = "2026-03-25T17:11:49.953Z" },
]

[[package]]
name = "iniconfig"
version = "2.3.0"
source = { registry = "https://pypi.org/simple" }
sdist = { url = "https://files.pythonhosted.org/packages/72/34/14ca021ce8e5dfedc35312d08ba8bf51fdd999c576889fc2c24cb97f4f10/iniconfig-2.3.0.tar.gz", hash = "sha256:c76315c77db068650d49c5b56314774a7804df16fee4402c1f19d6d15d8c4730", size = 20503, upload-time = "2025-10-18T21:55:43.219Z" }
wheels = [
    { url = "https://files.pythonhosted.org/packages/cb/b1/3846dd7f199d53cb17f49cba7e651e9ce294d8497c8c150530ed11865bb8/iniconfig-2.3.0-py3-none-any.whl", hash = "sha256:f631c04d2c48c52b84d0d0549c99ff3859c98df65b3101406327ecc7d53fbf12", size = 7484, upload-time = "2025-10-18T21:55:41.639Z" },
]

[[package]]
name = "numpy"
version = "1.24.4"
source = { registry = "https://pypi.org/simple" }
sdist = { url = "https://files.pythonhosted.org/packages/a4/9b/027bec52c633f6556dba6b722d9a0befb40498b9ceddd29cbe67a45a127c/numpy-1.24.4.tar.gz", hash = "sha256:80f5e3a4e498641401868df4208b74581206afbee7cf7b8329daae82676d9463", size = 10911229, upload-time = "2023-06-26T13:39:33.218Z" }
wheels = [
    { url = "https://files.pythonhosted.org/packages/a9/cc/5ed2280a27e5dab12994c884f1f4d8c3bd4d885d02ae9e52a9d213a6a5e2/numpy-1.24.4-cp311-cp311-macosx_10_9_x86_64.whl", hash = "sha256:f136bab9c2cfd8da131132c2cf6cc27331dd6fae65f95f69dcd4ae3c3639c810", size = 19775508, upload-time = "2023-06-26T13:25:08.882Z" },
    { url = "https://files.pythonhosted.org/packages/c0/bc/77635c657a3668cf652806210b8662e1aff84b818a55ba88257abf6637a8/numpy-1.24.4-cp311-cp311-macosx_11_0_arm64.whl", hash = "sha256:e2926dac25b313635e4d6cf4dc4e51c8c0ebfed60b801c799ffc4c32bf3d1254", size = 13840033, upload-time = "2023-06-26T13:25:33.417Z" },
    { url = "https://files.pythonhosted.org/packages/a7/4c/96cdaa34f54c05e97c1c50f39f98d608f96f0677a6589e64e53104e22904/numpy-1.24.4-cp311-cp311-manylinux_2_17_aarch64.manylinux2014_aarch64.whl", hash = "sha256:222e40d0e2548690405b0b3c7b21d1169117391c2e82c378467ef9ab4c8f0da7", size = 13991951, upload-time = "2023-06-26T13:25:55.725Z" },
    { url = "https://files.pythonhosted.org/packages/22/97/dfb1a31bb46686f09e68ea6ac5c63fdee0d22d7b23b8f3f7ea07712869ef/numpy-1.24.4-cp311-cp311-manylinux_2_17_x86_64.manylinux2014_x86_64.whl", hash = "sha256:7215847ce88a85ce39baf9e89070cb860c98fdddacbaa6c0da3ffb31b3350bd5", size = 17278923, upload-time = "2023-06-26T13:26:25.658Z" },
    { url = "https://files.pythonhosted.org/packages/35/e2/76a11e54139654a324d107da1d98f99e7aa2a7ef97cfd7c631fba7dbde71/numpy-1.24.4-cp311-cp311-win32.whl", hash = "sha256:4979217d7de511a8d57f4b4b5b2b965f707768440c17cb70fbf254c4b225238d", size = 12422446, upload-time = "2023-06-26T13:26:49.302Z" },
    { url = "https://files.pythonhosted.org/packages/d8/ec/ebef2f7d7c28503f958f0f8b992e7ce606fb74f9e891199329d5f5f87404/numpy-1.24.4-cp311-cp311-win_amd64.whl", hash = "sha256:b7b1fc9864d7d39e28f41d089bfd6353cb5f27ecd9905348c24187a768c79694", size = 14834466, upload-time = "2023-06-26T13:27:16.029Z" },
]

[[package]]
name = "packaging"
version = "26.3"
source = { registry = "https://pypi.org/simple" }
sdist = { url = "https://files.pythonhosted.org/packages/7d/fa/3944b40b07da9ce895c0e6303a5ab7d53da063554f534556b134a54d6093/packaging-26.3.tar.gz", hash = "sha256:94edc256424af38762eb31306eed28beb9f0efc50a8837492c9d6fd6004aed79", size = 313412, upload-time = "2026-08-04T18:15:28.737Z" }
wheels = [
    { url = "https://files.pythonhosted.org/packages/63/34/ba1c580383c9eada3711951fef0795c80b829a078d72188184bcab9dd527/packaging-26.3-py3-none-any.whl", hash = "sha256:d7193f7c8e4e93f444fde0262bf90af30e16fa0ad0ad44cb553c87339b23cd1c", size = 129956, upload-time = "2026-08-04T18:15:27.159Z" },
]

[[package]]
name = "pandas"
version = "1.5.3"
source = { registry = "https://pypi.org/simple" }
dependencies = [
    { name = "numpy" },
    { name = "python-dateutil" },
    { name = "pytz" },
]
sdist = { url = "https://files.pythonhosted.org/packages/74/ee/146cab1ff6d575b54ace8a6a5994048380dc94879b0125b25e62edcb9e52/pandas-1.5.3.tar.gz", hash = "sha256:74a3fd7e5a7ec052f183273dc7b0acd3a863edf7520f5d3a1765c04ffdb3b0b1", size = 5203060, upload-time = "2023-01-19T08:31:39.615Z" }
wheels = [
    { url = "https://files.pythonhosted.org/packages/e2/24/a26af514113fd5eca2d8fe41ba4f22f70dfe6afefde4a6beb6a203570935/pandas-1.5.3-cp311-cp311-macosx_10_9_universal2.whl", hash = "sha256:6973549c01ca91ec96199e940495219c887ea815b2083722821f1d7abfa2b4dc", size = 18387750, upload-time = "2023-01-19T08:29:43.119Z" },
    { url = "https://files.pythonhosted.org/packages/53/c9/d2f910dace7ef849b626980d0fd033b9cded36568949c8d560c9630ad2e0/pandas-1.5.3-cp311-cp311-macosx_10_9_x86_64.whl", hash = "sha256:c39a8da13cede5adcd3be1182883aea1c925476f4e84b2807a46e2775306305d", size = 11868668, upload-time = "2023-01-19T08:29:48.733Z" },
    { url = "https://files.pythonhosted.org/packages/b0/be/1843b9aff84b98899663e7cad9f45513dfdd11d69cb5bd85c648aaf6a8d4/pandas-1.5.3-cp311-cp311-macosx_11_0_arm64.whl", hash = "sha256:f76d097d12c82a535fda9dfe5e8dd4127952b45fea9b0276cb30cca5ea313fbc", size = 10814036, upload-time = "2023-01-19T08:29:54.886Z" },
    { url = "https://files.pythonhosted.org/packages/63/8d/c2bd356b9d4baf1c5cf8d7e251fb4540e87083072c905430da48c2bb31eb/pandas-1.5.3-cp311-cp311-manylinux_2_17_aarch64.manylinux2014_aarch64.whl", hash = "sha256:e474390e60ed609cec869b0da796ad94f420bb057d86784191eefc62b65819ae", size = 11374218, upload-time = "2023-01-19T08:30:00.5Z" },
    { url = "https://files.pythonhosted.org/packages/56/73/3351beeb807dca69fcc3c4966bcccc51552bd01549a9b13c04ab00a43f21/pandas-1.5.3-cp311-cp311-manylinux_2_17_x86_64.manylinux2014_x86_64.whl", hash = "sha256:5f2b952406a1588ad4cad5b3f55f520e82e902388a6d5a4a91baa8d38d23c7f6", size = 12017319, upload-time = "2023-01-19T08:30:06.097Z" },
    { url = "https://files.pythonhosted.org/packages/da/6d/1235da14daddaa6e47f74ba0c255358f0ce7a6ee05da8bf8eb49161aa6b5/pandas-1.5.3-cp311-cp311-win_amd64.whl", hash = "sha256:bc4c368f42b551bf72fac35c5128963a171b40dce866fb066540eeaf46faa003", size = 10303385, upload-time = "2023-01-19T08:30:11.148Z" },
]

[[package]]
name = "parsimonious"
version = "0.10.0"
source = { registry = "https://pypi.org/simple" }
dependencies = [
    { name = "regex" },
]
sdist = { url = "https://files.pythonhosted.org/packages/7b/91/abdc50c4ef06fdf8d047f60ee777ca9b2a7885e1a9cea81343fbecda52d7/parsimonious-0.10.0.tar.gz", hash = "sha256:8281600da180ec8ae35427a4ab4f7b82bfec1e3d1e52f80cb60ea82b9512501c", size = 52172, upload-time = "2022-09-03T17:01:17.004Z" }
wheels = [
    { url = "https://files.pythonhosted.org/packages/aa/0f/c8b64d9b54ea631fcad4e9e3c8dbe8c11bb32a623be94f22974c88e71eaf/parsimonious-0.10.0-py3-none-any.whl", hash = "sha256:982ab435fabe86519b57f6b35610aa4e4e977e9f02a14353edf4bbc75369fc0f", size = 48427, upload-time = "2022-09-03T17:01:13.814Z" },
]

[[package]]
name = "pluggy"
version = "1.6.0"
source = { registry = "https://pypi.org/simple" }
sdist = { url = "https://files.pythonhosted.org/packages/f9/e2/3e91f31a7d2b083fe6ef3fa267035b518369d9511ffab804f839851d2779/pluggy-1.6.0.tar.gz", hash = "sha256:7dcc130b76258d33b90f61b658791dede3486c3e6bfb003ee5c9bfb396dd22f3", size = 69412, upload-time = "2025-05-15T12:30:07.975Z" }
wheels = [
    { url = "https://files.pythonhosted.org/packages/54/20/4d324d65cc6d9205fabedc306948156824eb9f0ee1633355a8f7ec5c66bf/pluggy-1.6.0-py3-none-any.whl", hash = "sha256:e920276dd6813095e9377c0bc5566d94c932c33b27a3e3945d8389c374dd4746", size = 20538, upload-time = "2025-05-15T12:30:06.134Z" },
]

[[package]]
name = "pycryptodome"
version = "3.23.0"
source = { registry = "https://pypi.org/simple" }
sdist = { url = "https://files.pythonhosted.org/packages/8e/a6/8452177684d5e906854776276ddd34eca30d1b1e15aa1ee9cefc289a33f5/pycryptodome-3.23.0.tar.gz", hash = "sha256:447700a657182d60338bab09fdb27518f8856aecd80ae4c6bdddb67ff5da44ef", size = 4921276, upload-time = "2025-05-17T17:21:45.242Z" }
wheels = [
    { url = "https://files.pythonhosted.org/packages/db/6c/a1f71542c969912bb0e106f64f60a56cc1f0fabecf9396f45accbe63fa68/pycryptodome-3.23.0-cp37-abi3-macosx_10_9_universal2.whl", hash = "sha256:187058ab80b3281b1de11c2e6842a357a1f71b42cb1e15bce373f3d238135c27", size = 2495627, upload-time = "2025-05-17T17:20:47.139Z" },
    { url = "https://files.pythonhosted.org/packages/6e/4e/a066527e079fc5002390c8acdd3aca431e6ea0a50ffd7201551175b47323/pycryptodome-3.23.0-cp37-abi3-macosx_10_9_x86_64.whl", hash = "sha256:cfb5cd445280c5b0a4e6187a7ce8de5a07b5f3f897f235caa11f1f435f182843", size = 1640362, upload-time = "2025-05-17T17:20:50.392Z" },
    { url = "https://files.pythonhosted.org/packages/50/52/adaf4c8c100a8c49d2bd058e5b551f73dfd8cb89eb4911e25a0c469b6b4e/pycryptodome-3.23.0-cp37-abi3-manylinux_2_17_aarch64.manylinux2014_aarch64.whl", hash = "sha256:67bd81fcbe34f43ad9422ee8fd4843c8e7198dd88dd3d40e6de42ee65fbe1490", size = 2182625, upload-time = "2025-05-17T17:20:52.866Z" },
    { url = "https://files.pythonhosted.org/packages/5f/e9/a09476d436d0ff1402ac3867d933c61805ec2326c6ea557aeeac3825604e/pycryptodome-3.23.0-cp37-abi3-manylinux_2_17_x86_64.manylinux2014_x86_64.whl", hash = "sha256:c8987bd3307a39bc03df5c8e0e3d8be0c4c3518b7f044b0f4c15d1aa78f52575", size = 2268954, upload-time = "2025-05-17T17:20:55.027Z" },
    { url = "https://files.pythonhosted.org/packages/f9/c5/ffe6474e0c551d54cab931918127c46d70cab8f114e0c2b5a3c071c2f484/pycryptodome-3.23.0-cp37-abi3-manylinux_2_5_i686.manylinux1_i686.manylinux_2_17_i686.manylinux2014_i686.whl", hash = "sha256:aa0698f65e5b570426fc31b8162ed4603b0c2841cbb9088e2b01641e3065915b", size = 2308534, upload-time = "2025-05-17T17:20:57.279Z" },
    { url = "https://files.pythonhosted.org/packages/18/28/e199677fc15ecf43010f2463fde4c1a53015d1fe95fb03bca2890836603a/pycryptodome-3.23.0-cp37-abi3-musllinux_1_2_aarch64.whl", hash = "sha256:53ecbafc2b55353edcebd64bf5da94a2a2cdf5090a6915bcca6eca6cc452585a", size = 2181853, upload-time = "2025-05-17T17:20:59.322Z" },
    { url = "https://files.pythonhosted.org/packages/ce/ea/4fdb09f2165ce1365c9eaefef36625583371ee514db58dc9b65d3a255c4c/pycryptodome-3.23.0-cp37-abi3-musllinux_1_2_i686.whl", hash = "sha256:156df9667ad9f2ad26255926524e1c136d6664b741547deb0a86a9acf5ea631f", size = 2342465, upload-time = "2025-05-17T17:21:03.83Z" },
    { url = "https://files.pythonhosted.org/packages/22/82/6edc3fc42fe9284aead511394bac167693fb2b0e0395b28b8bedaa07ef04/pycryptodome-3.23.0-cp37-abi3-musllinux_1_2_x86_64.whl", hash = "sha256:dea827b4d55ee390dc89b2afe5927d4308a8b538ae91d9c6f7a5090f397af1aa", size = 2267414, upload-time = "2025-05-17T17:21:06.72Z" },
    { url = "https://files.pythonhosted.org/packages/59/fe/aae679b64363eb78326c7fdc9d06ec3de18bac68be4b612fc1fe8902693c/pycryptodome-3.23.0-cp37-abi3-win32.whl", hash = "sha256:507dbead45474b62b2bbe318eb1c4c8ee641077532067fec9c1aa82c31f84886", size = 1768484, upload-time = "2025-05-17T17:21:08.535Z" },
    { url = "https://files.pythonhosted.org/packages/54/2f/e97a1b8294db0daaa87012c24a7bb714147c7ade7656973fd6c736b484ff/pycryptodome-3.23.0-cp37-abi3-win_amd64.whl", hash = "sha256:c75b52aacc6c0c260f204cbdd834f76edc9fb0d8e0da9fbf8352ef58202564e2", size = 1799636, upload-time = "2025-05-17T17:21:10.393Z" },
    { url = "https://files.pythonhosted.org/packages/18/3d/f9441a0d798bf2b1e645adc3265e55706aead1255ccdad3856dbdcffec14/pycryptodome-3.23.0-cp37-abi3-win_arm64.whl", hash = "sha256:11eeeb6917903876f134b56ba11abe95c0b0fd5e3330def218083c7d98bbcb3c", size = 1703675, upload-time = "2025-05-17T17:21:13.146Z" },
]

[[package]]
name = "pydantic"
version = "2.13.4"
source = { registry = "https://pypi.org/simple" }
dependencies = [
    { name = "annotated-types" },
    { name = "pydantic-core" },
    { name = "typing-extensions" },
    { name = "typing-inspection" },
]
sdist = { url = "https://files.pythonhosted.org/packages/18/a5/b60d21ac674192f8ab0ba4e9fd860690f9b4a6e51ca5df118733b487d8d6/pydantic-2.13.4.tar.gz", hash = "sha256:c40756b57adaa8b1efeeced5c196f3f3b7c435f90e84ea7f443901bec8099ef6", size = 844775, upload-time = "2026-05-06T13:43:05.343Z" }
wheels = [
    { url = "https://files.pythonhosted.org/packages/fd/7b/122376b1fd3c62c1ed9dc80c931ace4844b3c55407b6fb2d199377c9736f/pydantic-2.13.4-py3-none-any.whl", hash = "sha256:45a282cde31d808236fd7ea9d919b128653c8b38b393d1c4ab335c62924d9aba", size = 472262, upload-time = "2026-05-06T13:43:02.641Z" },
]

[[package]]
name = "pydantic-core"
version = "2.46.4"
source = { registry = "https://pypi.org/simple" }
dependencies = [
    { name = "typing-extensions" },
]
sdist = { url = "https://files.pythonhosted.org/packages/9d/56/921726b776ace8d8f5db44c4ef961006580d91dc52b803c489fafd1aa249/pydantic_core-2.46.4.tar.gz", hash = "sha256:62f875393d7f270851f20523dd2e29f082bcc82292d66db2b64ea71f64b6e1c1", size = 471464, upload-time = "2026-05-06T13:37:06.98Z" }
wheels = [
    { url = "https://files.pythonhosted.org/packages/5c/fa/6d7708d2cfc1a832acb6aeb0cd16e801902df8a0f583bb3b4b527fde022e/pydantic_core-2.46.4-cp311-cp311-macosx_10_12_x86_64.whl", hash = "sha256:0e96592440881c74a213e5ad528e2b24d3d4f940de2766bed9010ab1d9e51594", size = 2111872, upload-time = "2026-05-06T13:40:27.596Z" },
    { url = "https://files.pythonhosted.org/packages/ae/6f/aa064a3e74b5745afbdf250594f38e7ead05e2d651bcb35994b9417a0d4d/pydantic_core-2.46.4-cp311-cp311-macosx_11_0_arm64.whl", hash = "sha256:e0d65b8c354be7fb5f720c3caa8bc940bc2d20ce749c8e06135f07f8ed95dd7c", size = 1948255, upload-time = "2026-05-06T13:39:12.574Z" },
    { url = "https://files.pythonhosted.org/packages/43/3a/41114a9f7569b84b4d84e7a018c57c56347dac30c0d4a872946ec4e36c46/pydantic_core-2.46.4-cp311-cp311-manylinux_2_17_aarch64.manylinux2014_aarch64.whl", hash = "sha256:7bfb192b3f4b9e8a89b6277b6ce787564f62cfd272055f6e685726b111dc7826", size = 1972827, upload-time = "2026-05-06T13:38:19.841Z" },
    { url = "https://files.pythonhosted.org/packages/ef/25/1ab42e8048fe551934d9884e8d64daa7e990ad386f310a15981aeb6a5b08/pydantic_core-2.46.4-cp311-cp311-manylinux_2_17_armv7l.manylinux2014_armv7l.whl", hash = "sha256:9037063db01f09b09e237c282b6792bd4da634b5402c4e7f0c61effed7701a04", size = 2041051, upload-time = "2026-05-06T13:38:10.447Z" },
    { url = "https://files.pythonhosted.org/packages/94/c2/1a934597ddf08da410385b3b7aae91956a5a76c635effef456074fad7e88/pydantic_core-2.46.4-cp311-cp311-manylinux_2_17_ppc64le.manylinux2014_ppc64le.whl", hash = "sha256:fc010ab034c8c7452522748bf937df58020d256ccae0874463d1f4d01758af8e", size = 2221314, upload-time = "2026-05-06T13:40:13.089Z" },
    { url = "https://files.pythonhosted.org/packages/02/6d/9e8ad178c9c4df27ad3c8f25d1fe2a7ab0d2ba0559fad4aee5d3d1f16771/pydantic_core-2.46.4-cp311-cp311-manylinux_2_17_s390x.manylinux2014_s390x.whl", hash = "sha256:8c5dac79fa1614d1e06ca695109c6105923bd9c7d1d6c918d4e637b7e6b32fd3", size = 2285146, upload-time = "2026-05-06T13:38:59.224Z" },
    { url = "https://files.pythonhosted.org/packages/80/50/540cd3aeefc041beb111125c4bff779831a2111fc6b15a9138cda277d32c/pydantic_core-2.46.4-cp311-cp311-manylinux_2_17_x86_64.manylinux2014_x86_64.whl", hash = "sha256:f9fa868638bf362d3d138ea55829cefb3d5f4b0d7f142234382a15e2485dbec4", size = 2089685, upload-time = "2026-05-06T13:38:17.762Z" },
    { url = "https://files.pythonhosted.org/packages/6b/a4/b440ad35f05f6a38f89fa0f149accb3f0e02be94ca5e15f3c449a61b4bc9/pydantic_core-2.46.4-cp311-cp311-manylinux_2_31_riscv64.whl", hash = "sha256:17299feefe090f2caa5b8e37222bb5f663e4935a8bfa6931d4102e5df1a9f398", size = 2115420, upload-time = "2026-05-06T13:37:58.195Z" },
    { url = "https://files.pythonhosted.org/packages/99/61/de4f55db8dfd57bfdfa9a12ec90fe1b57c4f41062f7ca86f08586b3e0ac0/pydantic_core-2.46.4-cp311-cp311-manylinux_2_5_i686.manylinux1_i686.whl", hash = "sha256:4c63ebc82684aa89d9a3bcbd13d515b3be44250dc68dd3bd81526c1cb31286c3", size = 2165122, upload-time = "2026-05-06T13:37:01.167Z" },
    { url = "https://files.pythonhosted.org/packages/f7/52/7c529d7bdb2d1068bd52f51fe32572c8301f9a4febf1948f10639f1436f5/pydantic_core-2.46.4-cp311-cp311-musllinux_1_1_aarch64.whl", hash = "sha256:aaa2a54443eff1950ba5ddc6b6ccda0d9c84a364276a62f969bdf2a390650848", size = 2182573, upload-time = "2026-05-06T13:38:45.04Z" },
    { url = "https://files.pythonhosted.org/packages/37/b3/7c40325848ba78247f2812dcf9c7274e38cd801820ca6dd9fe63bcfb0eb4/pydantic_core-2.46.4-cp311-cp311-musllinux_1_1_armv7l.whl", hash = "sha256:18e5ceec2ab67e6d5f1a9085e5a24c9c4e2ac4545730bfe668680bca05e555f3", size = 2317139, upload-time = "2026-05-06T13:37:15.539Z" },
    { url = "https://files.pythonhosted.org/packages/d9/37/f913f81a657c865b75da6c0dbed79876073c2a43b5bd9edbe8da785e4d49/pydantic_core-2.46.4-cp311-cp311-musllinux_1_1_x86_64.whl", hash = "sha256:a0f62d0a58f4e7da165457e995725421e0064f2255d8eccebc49f41bbc23b109", size = 2360433, upload-time = "2026-05-06T13:37:30.099Z" },
    { url = "https://files.pythonhosted.org/packages/c4/67/6acaa1be2567f9256b056d8477158cac7240813956ce86e49deae8e173b4/pydantic_core-2.46.4-cp311-cp311-win32.whl", hash = "sha256:041bde0a48fd37cf71cab1c9d56d3e8625a3793fef1f7dd232b3ff37e978ecda", size = 1985513, upload-time = "2026-05-06T13:38:15.669Z" },
    { url = "https://files.pythonhosted.org/packages/aa/e6/c505f83dfeda9a2e5c995cfd872949e4d05e12f7feb3dca72f633daefa94/pydantic_core-2.46.4-cp311-cp311-win_amd64.whl", hash = "sha256:6f2eeda33a839975441c86a4119e1383c50b47faf0cbb5176985565c6bb02c33", size = 2071114, upload-time = "2026-05-06T13:40:35.416Z" },
    { url = "https://files.pythonhosted.org/packages/0f/da/7a263a96d965d9d0df5e8de8a475f33495451117035b09acb110288c381f/pydantic_core-2.46.4-cp311-cp311-win_arm64.whl", hash = "sha256:14f4c5d6db102bd796a627bbb3a17b4cf4574b9ae861d8b7c9a9661c6dd3362d", size = 2044298, upload-time = "2026-05-06T13:38:29.754Z" },
    { url = "https://files.pythonhosted.org/packages/ee/a4/73995fd4ebbb46ba0ee51e6fa049b8f02c40daebb762208feda8a6b7894d/pydantic_core-2.46.4-graalpy311-graalpy242_311_native-macosx_10_12_x86_64.whl", hash = "sha256:14d4edf427bdcf950a8a02d7cb44a08614388dd6e1bdcbf4f67504fa7887da9c", size = 2111589, upload-time = "2026-05-06T13:37:10.817Z" },
    { url = "https://files.pythonhosted.org/packages/fb/7f/f37d3a5e8bfcc2e403f5c57a730f2d815693fb42119e8ea48b3789335af1/pydantic_core-2.46.4-graalpy311-graalpy242_311_native-macosx_11_0_arm64.whl", hash = "sha256:0ce40cd7b21210e99342afafbd4d0f76d784eb5b1d60f3bdc566be4983c6c73b", size = 1944552, upload-time = "2026-05-06T13:36:56.717Z" },
    { url = "https://files.pythonhosted.org/packages/15/3c/d7eb777b3ff43e8433a4efb39a17aa8fd98a4ee8561a24a67ef5db07b2d6/pydantic_core-2.46.4-graalpy311-graalpy242_311_native-manylinux_2_17_aarch64.manylinux2014_aarch64.whl", hash = "sha256:90884113d8b48f760e9587002789ddd741e76ab9f89518cd1e43b1f1a52ec44b", size = 1982984, upload-time = "2026-05-06T13:39:06.207Z" },
    { url = "https://files.pythonhosted.org/packages/63/87/70b9f40170a81afd55ca26c9b2acb25c20d64bcfbf888fafecb3ba077d4c/pydantic_core-2.46.4-graalpy311-graalpy242_311_native-manylinux_2_17_x86_64.manylinux2014_x86_64.whl", hash = "sha256:66ce7632c22d837c95301830e111ad0128a32b8207533b60896a96c4915192ea", size = 2138417, upload-time = "2026-05-06T13:39:45.476Z" },
    { url = "https://files.pythonhosted.org/packages/11/cb/428de0385b6c8d44b716feba566abfacfbd23ee3c4439faa789a1456242f/pydantic_core-2.46.4-pp311-pypy311_pp73-macosx_10_12_x86_64.whl", hash = "sha256:0c563b08bca408dc7f65f700633d8442fffb2421fc47b8101377e9fd65051ff0", size = 2112782, upload-time = "2026-05-06T13:37:04.016Z" },
    { url = "https://files.pythonhosted.org/packages/0b/b5/6a17bdadd0fc1f170adfd05a20d37c832f52b117b4d9131da1f41bb097ce/pydantic_core-2.46.4-pp311-pypy311_pp73-macosx_11_0_arm64.whl", hash = "sha256:db06ffe51636ffe9ca531fe9023dd64bdd794be8754cb5df57c5498ae5b518a7", size = 1952146, upload-time = "2026-05-06T13:39:43.092Z" },
    { url = "https://files.pythonhosted.org/packages/2a/dc/03734d80e362cd43ef65428e9de77c730ce7f2f11c60d2b1e1b39f0fbf99/pydantic_core-2.46.4-pp311-pypy311_pp73-manylinux_2_17_x86_64.manylinux2014_x86_64.whl", hash = "sha256:133878133d271ade3d41d1bfb2a45ec38dbdbda40bc065921c6b04e4630127e2", size = 2134492, upload-time = "2026-05-06T13:36:58.124Z" },
    { url = "https://files.pythonhosted.org/packages/de/df/5e5ffc085ed07cc22d298134d3d911c63e91f6a0eb91fe646750a3209910/pydantic_core-2.46.4-pp311-pypy311_pp73-manylinux_2_5_i686.manylinux1_i686.whl", hash = "sha256:9bc519fbf2b7578398853d815009ae5e4d4603d12f4e3f91da8c06852d3da3e9", size = 2156604, upload-time = "2026-05-06T13:37:49.88Z" },
    { url = "https://files.pythonhosted.org/packages/81/44/6e112a4253e56f5705467cbab7ab5e91ee7398ba3d56d358635958893d3e/pydantic_core-2.46.4-pp311-pypy311_pp73-musllinux_1_1_aarch64.whl", hash = "sha256:c7a7bd4e39e8e4c12c39cd480356842b6a8a06e41b23a55a5e3e191718838ddf", size = 2183828, upload-time = "2026-05-06T13:37:43.053Z" },
    { url = "https://files.pythonhosted.org/packages/ac/ad/5565071e937d8e752842ac241463944c9eb14c87e2d269f2658a5bd05e98/pydantic_core-2.46.4-pp311-pypy311_pp73-musllinux_1_1_armv7l.whl", hash = "sha256:d396ec2b979760aaf3218e76c24e65bd0aca24983298653b3a9d7a45f9e47b30", size = 2310000, upload-time = "2026-05-06T13:37:56.694Z" },
    { url = "https://files.pythonhosted.org/packages/4f/c3/66883a5cec183e7fba4d024b4cbbe61851a63750ef606b0afecc46d1f2bf/pydantic_core-2.46.4-pp311-pypy311_pp73-musllinux_1_1_x86_64.whl", hash = "sha256:86e1a4418c6cd97d60c95c71164158eaf7324fae7b0923264016baa993eba6fc", size = 2361286, upload-time = "2026-05-06T13:40:05.667Z" },
    { url = "https://files.pythonhosted.org/packages/4b/2d/69abac8f838090bbecd5df894befb2c2619e7996a98ddb949db9f3b93225/pydantic_core-2.46.4-pp311-pypy311_pp73-win_amd64.whl", hash = "sha256:d51026d73fcfd93610abc7b27789c26b313920fcfb20e27462d74a7f8b06e983", size = 2193071, upload-time = "2026-05-06T13:38:08.682Z" },
]

[[package]]
name = "pygments"
version = "2.21.0"
source = { registry = "https://pypi.org/simple" }
sdist = { url = "https://files.pythonhosted.org/packages/49/2e/ced460408999b33da6b31b0021b0f37d329e202d4169aeb164493778f25b/pygments-2.21.0.tar.gz", hash = "sha256:610ca751c9bc2492b38eb9a38a7fbc93edbbb2d7182edaf34e66ae493dee5c8c", size = 5005329, upload-time = "2026-08-17T08:02:48.824Z" }
wheels = [
    { url = "https://files.pythonhosted.org/packages/71/46/17f022dd3e953bf20a04a028a21ec746d942f8d2af30fa0f124fa0e6a684/pygments-2.21.0-py3-none-any.whl", hash = "sha256:2363c69b61c4a97c838da3b130dcd6468f4848992b21a82f2a63ec34377137d9", size = 1250147, upload-time = "2026-08-17T08:02:44.912Z" },
]

[[package]]
name = "pytest"
version = "9.1.1"
source = { registry = "https://pypi.org/simple" }
dependencies = [
    { name = "colorama", marker = "sys_platform == 'win32'" },
    { name = "iniconfig" },
    { name = "packaging" },
    { name = "pluggy" },
    { name = "pygments" },
]
sdist = { url = "https://files.pythonhosted.org/packages/e4/47/b9efed96c114afcfa3c9d3fe98a76a1d14c74a9e266d397cf6eb64be5e01/pytest-9.1.1.tar.gz", hash = "sha256:1088fbde8f2b49d95a549a195707afa7a76a3ce9bcadc26b6d71f0ffda5fe313", size = 1636369, upload-time = "2026-06-19T10:58:32.857Z" }
wheels = [
    { url = "https://files.pythonhosted.org/packages/24/25/1de2678b631f5a49215c6c96fff41ba892b0a34df68d6d80292b1b48aa7f/pytest-9.1.1-py3-none-any.whl", hash = "sha256:37a86b45efb9a47a61a36449063e8e18d0cab3161329fc099eb21783169c4f0c", size = 386536, upload-time = "2026-06-19T10:58:31.347Z" },
]

[[package]]
name = "python-dateutil"
version = "2.9.0.post0"
source = { registry = "https://pypi.org/simple" }
dependencies = [
    { name = "six" },
]
sdist = { url = "https://files.pythonhosted.org/packages/66/c0/0c8b6ad9f17a802ee498c46e004a0eb49bc148f2fd230864601a86dcf6db/python-dateutil-2.9.0.post0.tar.gz", hash = "sha256:37dd54208da7e1cd875388217d5e00ebd4179249f90fb72437e91a35459a0ad3", size = 342432, upload-time = "2024-03-01T18:36:20.211Z" }
wheels = [
    { url = "https://files.pythonhosted.org/packages/ec/57/56b9bcc3c9c6a792fcbaf139543cee77261f3651ca9da0c93f5c1221264b/python_dateutil-2.9.0.post0-py2.py3-none-any.whl", hash = "sha256:a8b2bc7bffae282281c8140a97d3aa9c14da0b136dfe83f850eea9a5f7470427", size = 229892, upload-time = "2024-03-01T18:36:18.57Z" },
]

[[package]]
name = "pytz"
version = "2026.3.post1"
source = { registry = "https://pypi.org/simple" }
sdist = { url = "https://files.pythonhosted.org/packages/fb/48/fb042503b6ca6cd271261dc559fd6432f7d8c713153e9ec5c591af4dfc1c/pytz-2026.3.post1.tar.gz", hash = "sha256:2211d3fcf9a797d3405cac96ac7f61d80e6a644f72a3309607282fe8a2010c5d", size = 319745, upload-time = "2026-07-25T15:12:07.385Z" }
wheels = [
    { url = "https://files.pythonhosted.org/packages/0f/7b/39c34ca613b0b198cb866466651b26b045e2009864c5183c979a3b83f383/pytz-2026.3.post1-py2.py3-none-any.whl", hash = "sha256:dd95840dd199baea12d9cc096a1d452caa6596a1c1e4b5f3dbd1541855d5e815", size = 508283, upload-time = "2026-07-25T15:12:05.782Z" },
]

[[package]]
name = "regex"
version = "2026.7.19"
source = { registry = "https://pypi.org/simple" }
sdist = { url = "https://files.pythonhosted.org/packages/20/98/04b13f1ddfb63158025291c02e03eb42fbb7acb51d091d541050eb4e35e8/regex-2026.7.19.tar.gz", hash = "sha256:7e77b324909c1617cbb4c668677e2c6ae13f44d7c1de0d4f15f2e3c10f3315b5", size = 416440, upload-time = "2026-07-19T00:19:48.923Z" }
wheels = [
    { url = "https://files.pythonhosted.org/packages/05/e5/cef4de2bac939280b68d32adc659478845238a8274f2f79c465063f590ad/regex-2026.7.19-cp311-cp311-macosx_10_9_universal2.whl", hash = "sha256:ac777001cdfc28b72477d93c8564bb7583081ea8fb45cdca3d568e0a4f87183c", size = 494012, upload-time = "2026-07-19T00:16:39.927Z" },
    { url = "https://files.pythonhosted.org/packages/ff/87/e86f51eb117457bb7803132ffe5cb6e2841e2b5bea4cc85d397f3c6e257d/regex-2026.7.19-cp311-cp311-macosx_10_9_x86_64.whl", hash = "sha256:59787bd5f8c70aa339084e961d2996b53fbdeab4d5393bba5c1fe1fc32e02bae", size = 295281, upload-time = "2026-07-19T00:16:41.433Z" },
    { url = "https://files.pythonhosted.org/packages/41/2e/2360c41d8080a3d9ec7e5c90fad6eab3b50192869d10e9a5609e48c8177b/regex-2026.7.19-cp311-cp311-macosx_11_0_arm64.whl", hash = "sha256:90c633e7e8d6bf4e992b8b36ce69e018f834b641dd6de8cea6d78c06ffa119c5", size = 290615, upload-time = "2026-07-19T00:16:43.058Z" },
    { url = "https://files.pythonhosted.org/packages/cf/69/b65ba4344efbc771b28fe5dde84cbbb6c8f9551165952fe78def5b9dde6a/regex-2026.7.19-cp311-cp311-manylinux2014_aarch64.manylinux_2_17_aarch64.manylinux_2_28_aarch64.whl", hash = "sha256:87ccab0db8d5f4fbb0272642113c1adb2ffc698c16d3a0944580222331fa7a20", size = 791804, upload-time = "2026-07-19T00:16:44.662Z" },
    { url = "https://files.pythonhosted.org/packages/81/b6/a40dfa0dc6224b36f620c00296eacc830489cbf8c2837b6750dfe6170375/regex-2026.7.19-cp311-cp311-manylinux2014_ppc64le.manylinux_2_17_ppc64le.manylinux_2_28_ppc64le.whl", hash = "sha256:9e50d748a32da622f256e8d505867f5d3c43a837c6a9f0efb149655fadd1042a", size = 861723, upload-time = "2026-07-19T00:16:46.412Z" },
    { url = "https://files.pythonhosted.org/packages/e3/02/735991dee71abd83196a7962f7ed8bf5aa05720ff06e2d3ff896a85e2bbb/regex-2026.7.19-cp311-cp311-manylinux2014_s390x.manylinux_2_17_s390x.manylinux_2_28_s390x.whl", hash = "sha256:bf1516fe58fc104f39b2d1dbe2d5e27d0cd45c4be2e42ba6ee0cc763701ec3c7", size = 905932, upload-time = "2026-07-19T00:16:47.956Z" },
    { url = "https://files.pythonhosted.org/packages/45/6c/e7098d8b846ccdbf431d8c081b61e496526a27a28094ed09e0dce21b3f54/regex-2026.7.19-cp311-cp311-manylinux2014_x86_64.manylinux_2_17_x86_64.manylinux_2_28_x86_64.whl", hash = "sha256:09f3e5287f94f17b709dc9a9e70865855feee835c861613be144218ce4ca82cc", size = 801407, upload-time = "2026-07-19T00:16:49.43Z" },
    { url = "https://files.pythonhosted.org/packages/8a/18/34b69274e2649bcc7d9b089c2b2983fb2632d8ecf667e359593be9072e79/regex-2026.7.19-cp311-cp311-manylinux_2_31_riscv64.manylinux_2_39_riscv64.whl", hash = "sha256:6383cd2ed53a646c659ba1fe65727db76437fdaa069e697a0b44a51d5843d864", size = 774448, upload-time = "2026-07-19T00:16:51.352Z" },
    { url = "https://files.pythonhosted.org/packages/bb/e6/0a72247d025585fd3800b98e040b84d562a88af6303347100484849f4f01/regex-2026.7.19-cp311-cp311-musllinux_1_2_aarch64.whl", hash = "sha256:09d3007fc76249a83cdd33de160d50e6cb77f54e09d8fa9e7148e10607ce24af", size = 783297, upload-time = "2026-07-19T00:16:53.071Z" },
    { url = "https://files.pythonhosted.org/packages/b1/aa/c4f65ae7dd02a36b323a70c4cff326e1f3442361aaebc9311100a130d54f/regex-2026.7.19-cp311-cp311-musllinux_1_2_ppc64le.whl", hash = "sha256:6f8c6e7a1cfa3dc9d0ee2de0e65e834537fa29992cc3976ffec914afc35c5dd5", size = 854736, upload-time = "2026-07-19T00:16:54.607Z" },
    { url = "https://files.pythonhosted.org/packages/62/c3/668082bcc817b9e694189b84997aeba7385b7779faa6711788679c482e35/regex-2026.7.19-cp311-cp311-musllinux_1_2_riscv64.whl", hash = "sha256:b2ea4a3e8357be8849e833beeae757ac3c7a6b3fc055c03c808a53c91ad30d82", size = 763298, upload-time = "2026-07-19T00:16:56.289Z" },
    { url = "https://files.pythonhosted.org/packages/4b/fb/2d07ad555e7af88aa5f867fdafa47a8d945ee237c20af3ebceb46a820835/regex-2026.7.19-cp311-cp311-musllinux_1_2_s390x.whl", hash = "sha256:80115dd39481fd3a4b4080220799dbcacb921a844de4b827264ececacbe17c78", size = 844430, upload-time = "2026-07-19T00:16:57.933Z" },
    { url = "https://files.pythonhosted.org/packages/51/15/c82a471fe3dce56f03745635b43aa456c40dc0db089e07ef148b331507d1/regex-2026.7.19-cp311-cp311-musllinux_1_2_x86_64.whl", hash = "sha256:d6ce43a0269d68cee79a7d1ade7def53c20f8f2a047b92d7b5d5bcc73ae88327", size = 789683, upload-time = "2026-07-19T00:16:59.583Z" },
    { url = "https://files.pythonhosted.org/packages/b5/f4/7532a2c59d56f5398902c20de60f0c9a5d1cd364e42a051b48e1b210be7b/regex-2026.7.19-cp311-cp311-win32.whl", hash = "sha256:9be2a6647740dd3cca6acb24e87f03d7632cd280dbce9bbe40c26353a215a45d", size = 266778, upload-time = "2026-07-19T00:17:01.032Z" },
    { url = "https://files.pythonhosted.org/packages/83/2b/cf1bc631db154eb95520d9d5dbc2371ff77a0f014bbf7d748fed8496aa63/regex-2026.7.19-cp311-cp311-win_amd64.whl", hash = "sha256:8d3469c91dd92ee41b7c95280edbd975ef1ba9195086686623a1c6e8935ce965", size = 277983, upload-time = "2026-07-19T00:17:02.571Z" },
    { url = "https://files.pythonhosted.org/packages/8d/bd/56ceaf170e875d5a6761bf2bfd0d040f1cacc896850d5e40cb29b11bbd06/regex-2026.7.19-cp311-cp311-win_arm64.whl", hash = "sha256:36aacfb15faaff3ced55afbf35ec72f50d4aee22082c4f7fe0573a33e2fca92e", size = 276961, upload-time = "2026-07-19T00:17:04.135Z" },
]

[[package]]
name = "six"
version = "1.17.0"
source = { registry = "https://pypi.org/simple" }
sdist = { url = "https://files.pythonhosted.org/packages/94/e7/b2c673351809dca68a0e064b6af791aa332cf192da575fd474ed7d6f16a2/six-1.17.0.tar.gz", hash = "sha256:ff70335d468e7eb6ec65b95b99d3a2836546063f63acc5171de367e834932a81", size = 34031, upload-time = "2024-12-04T17:35:28.174Z" }
wheels = [
    { url = "https://files.pythonhosted.org/packages/b7/ce/149a00dd41f10bc29e5921b496af8b574d8413afcd5e30dfa0ed46c2cc5e/six-1.17.0-py2.py3-none-any.whl", hash = "sha256:4721f391ed90541fddacab5acf947aa0d3dc7d27b2e1e8eda2be8970586c3274", size = 11050, upload-time = "2024-12-04T17:35:26.475Z" },
]

[[package]]
name = "toolz"
version = "1.1.0"
source = { registry = "https://pypi.org/simple" }
sdist = { url = "https://files.pythonhosted.org/packages/11/d6/114b492226588d6ff54579d95847662fc69196bdeec318eb45393b24c192/toolz-1.1.0.tar.gz", hash = "sha256:27a5c770d068c110d9ed9323f24f1543e83b2f300a687b7891c1a6d56b697b5b", size = 52613, upload-time = "2025-10-17T04:03:21.661Z" }
wheels = [
    { url = "https://files.pythonhosted.org/packages/fb/12/5911ae3eeec47800503a238d971e51722ccea5feb8569b735184d5fcdbc0/toolz-1.1.0-py3-none-any.whl", hash = "sha256:15ccc861ac51c53696de0a5d6d4607f99c210739caf987b5d2054f3efed429d8", size = 58093, upload-time = "2025-10-17T04:03:20.435Z" },
]

[[package]]
name = "typing-extensions"
version = "4.16.0"
source = { registry = "https://pypi.org/simple" }
sdist = { url = "https://files.pythonhosted.org/packages/f6/cc/6253133b5bb138fc3306cebfbda2c520f545d36b5be2c7255cc528bb45d6/typing_extensions-4.16.0.tar.gz", hash = "sha256:dc983d19a509c94dba722ee6abd33940f7c05a89e243c47e907eb4db6f1a43e5", size = 113555, upload-time = "2026-07-02T08:40:05.92Z" }
wheels = [
    { url = "https://files.pythonhosted.org/packages/49/d3/b8441a820a491ddfc024b0b0cf0393375b75ea13866d9c66727e54c2fc80/typing_extensions-4.16.0-py3-none-any.whl", hash = "sha256:481caa481374e813c1b176ada14e97f1f67a4539ce9cfeb3f350d78d6370c2e8", size = 45571, upload-time = "2026-07-02T08:40:04.659Z" },
]

[[package]]
name = "typing-inspection"
version = "0.4.4"
source = { registry = "https://pypi.org/simple" }
dependencies = [
    { name = "typing-extensions" },
]
sdist = { url = "https://files.pythonhosted.org/packages/a3/26/b09b8010994eccc3c09092e6b34058f36a460eea2d4c3e8b910c695975a0/typing_inspection-0.4.4.tar.gz", hash = "sha256:547274fa6b0a561ccf549cc9524b999a578e737d015d8709d021f9d0d13bea47", size = 76928, upload-time = "2026-08-12T12:37:25.997Z" }
wheels = [
    { url = "https://files.pythonhosted.org/packages/67/81/4add07e5172b7ac40d8ed5ff580409a7801a4fe26d529bdd915401dabfbe/typing_inspection-0.4.4-py3-none-any.whl", hash = "sha256:65b8397ba37ccbce054456aaccddfc91e6e3083c92824df348d96ca832f3f147", size = 14750, upload-time = "2026-08-12T12:37:24.648Z" },
]
